// !$*UTF8*$!
{
	archiveVersion = 1;
	classes = {
	};
	objectVersion = 55;
	objects = {

/* Begin PBXBuildFile section */
		970AB75128E9C596002EE407 /* Assets.xcassets in Resources */ = {isa = PBXBuildFile; fileRef = 970AB75028E9C596002EE407 /* Assets.xcassets */; };
		970AB75428E9C596002EE407 /* LaunchScreen.storyboard in Resources */ = {isa = PBXBuildFile; fileRef = 970AB75228E9C596002EE407 /* LaunchScreen.storyboard */; };
		9769C60E28EB04F600037B51 /* MainTabBarViewController.swift in Sources */ = {isa = PBXBuildFile; fileRef = 9769C60028EB009B00037B51 /* MainTabBarViewController.swift */; };
		9769C61328EB056500037B51 /* CustomCollectionViewCell.swift in Sources */ = {isa = PBXBuildFile; fileRef = 9769C61028EB050100037B51 /* CustomCollectionViewCell.swift */; };
		9769C61428EB056700037B51 /* AirPodsViewController.swift in Sources */ = {isa = PBXBuildFile; fileRef = 9769C61128EB050100037B51 /* AirPodsViewController.swift */; };
		97711EC828E9C82500FE1462 /* schema.json in Resources */ = {isa = PBXBuildFile; fileRef = 97711EC728E9C82500FE1462 /* schema.json */; };
		97711ED028E9D09000FE1462 /* Net.swift in Sources */ = {isa = PBXBuildFile; fileRef = 97711ECF28E9D08F00FE1462 /* Net.swift */; };
		97C64B6C28EC8476001F857F /* ApolloGen.swift in Sources */ = {isa = PBXBuildFile; fileRef = 97C64B6B28EC8476001F857F /* ApolloGen.swift */; };
		97C64B6F28EC8676001F857F /* Apollo in Frameworks */ = {isa = PBXBuildFile; productRef = 97C64B6E28EC8676001F857F /* Apollo */; };
		97C64B7128EC8676001F857F /* ApolloCodegenLib in Frameworks */ = {isa = PBXBuildFile; productRef = 97C64B7028EC8676001F857F /* ApolloCodegenLib */; };
		97C64B7528ED9B93001F857F /* API.swift in Sources */ = {isa = PBXBuildFile; fileRef = 97C64B7328EC876C001F857F /* API.swift */; };
		97C816C328EB091F0048658F /* UIColor + ext.swift in Sources */ = {isa = PBXBuildFile; fileRef = 97C816BC28EB08B70048658F /* UIColor + ext.swift */; };
		97C816C728EB12700048658F /* Resources.swift in Sources */ = {isa = PBXBuildFile; fileRef = 97C816C628EB12700048658F /* Resources.swift */; };
		97C816CA28EB13110048658F /* SceneDelegate.swift in Sources */ = {isa = PBXBuildFile; fileRef = 97C816C828EB13110048658F /* SceneDelegate.swift */; };
		97C816CB28EB13110048658F /* AppDelegate.swift in Sources */ = {isa = PBXBuildFile; fileRef = 97C816C928EB13110048658F /* AppDelegate.swift */; };
		97C816CE28EB13570048658F /* ShopViewController.swift in Sources */ = {isa = PBXBuildFile; fileRef = 97C816CC28EB13570048658F /* ShopViewController.swift */; };
		97C816CF28EB13570048658F /* ProfileViewController.swift in Sources */ = {isa = PBXBuildFile; fileRef = 97C816CD28EB13570048658F /* ProfileViewController.swift */; };
		97C816D228EB1A940048658F /* NavigationBarView.swift in Sources */ = {isa = PBXBuildFile; fileRef = 97C816D128EB1A940048658F /* NavigationBarView.swift */; };
		97C816D928EB1C790048658F /* CustomButton.swift in Sources */ = {isa = PBXBuildFile; fileRef = 97C816D828EB1C790048658F /* CustomButton.swift */; };
		97C816DD28EB21230048658F /* data.graphql in Resources */ = {isa = PBXBuildFile; fileRef = 97C816DC28EB21230048658F /* data.graphql */; };
		FBE64C31F22FA4F3AAEE6EDB /* Pods_Audire.framework in Frameworks */ = {isa = PBXBuildFile; fileRef = 79A155AC9D337D43BE8D9080 /* Pods_Audire.framework */; };
/* End PBXBuildFile section */

/* Begin PBXFileReference section */
		11179938EE2FD5F334DDF5AB /* Pods-Audire.debug.xcconfig */ = {isa = PBXFileReference; includeInIndex = 1; lastKnownFileType = text.xcconfig; name = "Pods-Audire.debug.xcconfig"; path = "Target Support Files/Pods-Audire/Pods-Audire.debug.xcconfig"; sourceTree = "<group>"; };
		2A968D28BA71CEBB2F6C6753 /* Pods-Audire.release.xcconfig */ = {isa = PBXFileReference; includeInIndex = 1; lastKnownFileType = text.xcconfig; name = "Pods-Audire.release.xcconfig"; path = "Target Support Files/Pods-Audire/Pods-Audire.release.xcconfig"; sourceTree = "<group>"; };
		79A155AC9D337D43BE8D9080 /* Pods_Audire.framework */ = {isa = PBXFileReference; explicitFileType = wrapper.framework; includeInIndex = 0; path = Pods_Audire.framework; sourceTree = BUILT_PRODUCTS_DIR; };
		970AB74428E9C594002EE407 /* Audire.app */ = {isa = PBXFileReference; explicitFileType = wrapper.application; includeInIndex = 0; path = Audire.app; sourceTree = BUILT_PRODUCTS_DIR; };
		970AB75028E9C596002EE407 /* Assets.xcassets */ = {isa = PBXFileReference; lastKnownFileType = folder.assetcatalog; path = Assets.xcassets; sourceTree = "<group>"; };
		970AB75328E9C596002EE407 /* Base */ = {isa = PBXFileReference; lastKnownFileType = file.storyboard; name = Base; path = Base.lproj/LaunchScreen.storyboard; sourceTree = "<group>"; };
		970AB75528E9C596002EE407 /* Info.plist */ = {isa = PBXFileReference; lastKnownFileType = text.plist.xml; path = Info.plist; sourceTree = "<group>"; };
		9769C60028EB009B00037B51 /* MainTabBarViewController.swift */ = {isa = PBXFileReference; fileEncoding = 4; lastKnownFileType = sourcecode.swift; path = MainTabBarViewController.swift; sourceTree = "<group>"; };
		9769C61028EB050100037B51 /* CustomCollectionViewCell.swift */ = {isa = PBXFileReference; lastKnownFileType = sourcecode.swift; path = CustomCollectionViewCell.swift; sourceTree = "<group>"; };
		9769C61128EB050100037B51 /* AirPodsViewController.swift */ = {isa = PBXFileReference; lastKnownFileType = sourcecode.swift; path = AirPodsViewController.swift; sourceTree = "<group>"; };
		97711EC728E9C82500FE1462 /* schema.json */ = {isa = PBXFileReference; fileEncoding = 4; lastKnownFileType = text.json; path = schema.json; sourceTree = "<group>"; };
		97711ECF28E9D08F00FE1462 /* Net.swift */ = {isa = PBXFileReference; lastKnownFileType = sourcecode.swift; path = Net.swift; sourceTree = "<group>"; };
		97C64B6B28EC8476001F857F /* ApolloGen.swift */ = {isa = PBXFileReference; lastKnownFileType = sourcecode.swift; path = ApolloGen.swift; sourceTree = "<group>"; };
		97C64B7328EC876C001F857F /* API.swift */ = {isa = PBXFileReference; fileEncoding = 4; lastKnownFileType = sourcecode.swift; path = API.swift; sourceTree = "<group>"; };
		97C816BC28EB08B70048658F /* UIColor + ext.swift */ = {isa = PBXFileReference; lastKnownFileType = sourcecode.swift; path = "UIColor + ext.swift"; sourceTree = "<group>"; };
		97C816C628EB12700048658F /* Resources.swift */ = {isa = PBXFileReference; fileEncoding = 4; lastKnownFileType = sourcecode.swift; path = Resources.swift; sourceTree = "<group>"; };
		97C816C828EB13110048658F /* SceneDelegate.swift */ = {isa = PBXFileReference; fileEncoding = 4; lastKnownFileType = sourcecode.swift; path = SceneDelegate.swift; sourceTree = "<group>"; };
		97C816C928EB13110048658F /* AppDelegate.swift */ = {isa = PBXFileReference; fileEncoding = 4; lastKnownFileType = sourcecode.swift; path = AppDelegate.swift; sourceTree = "<group>"; };
		97C816CC28EB13570048658F /* ShopViewController.swift */ = {isa = PBXFileReference; fileEncoding = 4; lastKnownFileType = sourcecode.swift; path = ShopViewController.swift; sourceTree = "<group>"; };
		97C816CD28EB13570048658F /* ProfileViewController.swift */ = {isa = PBXFileReference; fileEncoding = 4; lastKnownFileType = sourcecode.swift; path = ProfileViewController.swift; sourceTree = "<group>"; };
		97C816D128EB1A940048658F /* NavigationBarView.swift */ = {isa = PBXFileReference; fileEncoding = 4; lastKnownFileType = sourcecode.swift; path = NavigationBarView.swift; sourceTree = "<group>"; };
		97C816D528EB1AEA0048658F /* Montserrat-Regular.ttf */ = {isa = PBXFileReference; lastKnownFileType = file; path = "Montserrat-Regular.ttf"; sourceTree = "<group>"; };
		97C816D628EB1AEA0048658F /* Montserrat-Light.ttf */ = {isa = PBXFileReference; lastKnownFileType = file; path = "Montserrat-Light.ttf"; sourceTree = "<group>"; };
		97C816D728EB1AEA0048658F /* Montserrat-Bold.ttf */ = {isa = PBXFileReference; lastKnownFileType = file; path = "Montserrat-Bold.ttf"; sourceTree = "<group>"; };
		97C816D828EB1C790048658F /* CustomButton.swift */ = {isa = PBXFileReference; fileEncoding = 4; lastKnownFileType = sourcecode.swift; path = CustomButton.swift; sourceTree = "<group>"; };
		97C816DC28EB21230048658F /* data.graphql */ = {isa = PBXFileReference; lastKnownFileType = text; path = data.graphql; sourceTree = "<group>"; };
/* End PBXFileReference section */

/* Begin PBXFrameworksBuildPhase section */
		970AB74128E9C594002EE407 /* Frameworks */ = {
			isa = PBXFrameworksBuildPhase;
			buildActionMask = 2147483647;
			files = (
				FBE64C31F22FA4F3AAEE6EDB /* Pods_Audire.framework in Frameworks */,
				97C64B7128EC8676001F857F /* ApolloCodegenLib in Frameworks */,
				97C64B6F28EC8676001F857F /* Apollo in Frameworks */,
			);
			runOnlyForDeploymentPostprocessing = 0;
		};
/* End PBXFrameworksBuildPhase section */

/* Begin PBXGroup section */
		970AB73B28E9C594002EE407 = {
			isa = PBXGroup;
			children = (
				970AB74628E9C594002EE407 /* Audire */,
				970AB74528E9C594002EE407 /* Products */,
				F1CB14F59BF9232DB1C867D5 /* Pods */,
				D579759A4AFB0A3489499DFF /* Frameworks */,
			);
			sourceTree = "<group>";
		};
		970AB74528E9C594002EE407 /* Products */ = {
			isa = PBXGroup;
			children = (
				970AB74428E9C594002EE407 /* Audire.app */,
			);
			name = Products;
			sourceTree = "<group>";
		};
		970AB74628E9C594002EE407 /* Audire */ = {
			isa = PBXGroup;
			children = (
				97C816D328EB1AD80048658F /* Resources */,
				97C816D028EB1A890048658F /* Views */,
				97C816C928EB13110048658F /* AppDelegate.swift */,
				97C816C828EB13110048658F /* SceneDelegate.swift */,
				97C816B628EB07D80048658F /* Helpers */,
				9769C61228EB052400037B51 /* Controllers */,
				9769C60028EB009B00037B51 /* MainTabBarViewController.swift */,
				97711EC728E9C82500FE1462 /* schema.json */,
				97711EC928E9C84700FE1462 /* GraphQL */,
				970AB75028E9C596002EE407 /* Assets.xcassets */,
				970AB75228E9C596002EE407 /* LaunchScreen.storyboard */,
				970AB75528E9C596002EE407 /* Info.plist */,
			);
			path = Audire;
			sourceTree = "<group>";
		};
		9769C61228EB052400037B51 /* Controllers */ = {
			isa = PBXGroup;
			children = (
				97C816CD28EB13570048658F /* ProfileViewController.swift */,
				97C816CC28EB13570048658F /* ShopViewController.swift */,
				97C816C228EB08F50048658F /* AirPodsViewController */,
			);
			path = Controllers;
			sourceTree = "<group>";
		};
		97711EC928E9C84700FE1462 /* GraphQL */ = {
			isa = PBXGroup;
			children = (
				97C64B7328EC876C001F857F /* API.swift */,
				97711ECF28E9D08F00FE1462 /* Net.swift */,
				97C816DC28EB21230048658F /* data.graphql */,
			);
			path = GraphQL;
			sourceTree = "<group>";
		};
		97C816B628EB07D80048658F /* Helpers */ = {
			isa = PBXGroup;
			children = (
				97C816C628EB12700048658F /* Resources.swift */,
				97C816BB28EB08A80048658F /* Extensions */,
				97C64B6B28EC8476001F857F /* ApolloGen.swift */,
			);
			path = Helpers;
			sourceTree = "<group>";
		};
		97C816BB28EB08A80048658F /* Extensions */ = {
			isa = PBXGroup;
			children = (
				97C816BC28EB08B70048658F /* UIColor + ext.swift */,
			);
			path = Extensions;
			sourceTree = "<group>";
		};
		97C816C228EB08F50048658F /* AirPodsViewController */ = {
			isa = PBXGroup;
			children = (
				9769C61028EB050100037B51 /* CustomCollectionViewCell.swift */,
				9769C61128EB050100037B51 /* AirPodsViewController.swift */,
			);
			path = AirPodsViewController;
			sourceTree = "<group>";
		};
		97C816D028EB1A890048658F /* Views */ = {
			isa = PBXGroup;
			children = (
				97C816D828EB1C790048658F /* CustomButton.swift */,
				97C816D128EB1A940048658F /* NavigationBarView.swift */,
			);
			path = Views;
			sourceTree = "<group>";
		};
		97C816D328EB1AD80048658F /* Resources */ = {
			isa = PBXGroup;
			children = (
				97C816D428EB1AE30048658F /* Fonts */,
			);
			path = Resources;
			sourceTree = "<group>";
		};
		97C816D428EB1AE30048658F /* Fonts */ = {
			isa = PBXGroup;
			children = (
				97C816D728EB1AEA0048658F /* Montserrat-Bold.ttf */,
				97C816D628EB1AEA0048658F /* Montserrat-Light.ttf */,
				97C816D528EB1AEA0048658F /* Montserrat-Regular.ttf */,
			);
			path = Fonts;
			sourceTree = "<group>";
		};
		D579759A4AFB0A3489499DFF /* Frameworks */ = {
			isa = PBXGroup;
			children = (
				79A155AC9D337D43BE8D9080 /* Pods_Audire.framework */,
			);
			name = Frameworks;
			sourceTree = "<group>";
		};
		F1CB14F59BF9232DB1C867D5 /* Pods */ = {
			isa = PBXGroup;
			children = (
				11179938EE2FD5F334DDF5AB /* Pods-Audire.debug.xcconfig */,
				2A968D28BA71CEBB2F6C6753 /* Pods-Audire.release.xcconfig */,
			);
			path = Pods;
			sourceTree = "<group>";
		};
/* End PBXGroup section */

/* Begin PBXNativeTarget section */
		970AB74328E9C594002EE407 /* Audire */ = {
			isa = PBXNativeTarget;
			buildConfigurationList = 970AB75828E9C596002EE407 /* Build configuration list for PBXNativeTarget "Audire" */;
			buildPhases = (
				97C64B7228EC8718001F857F /* GraphQL */,
				EEA25085B7FB7C2721036F11 /* [CP] Check Pods Manifest.lock */,
				970AB74028E9C594002EE407 /* Sources */,
				970AB74128E9C594002EE407 /* Frameworks */,
				970AB74228E9C594002EE407 /* Resources */,
				0460AACFCE75809B74B94709 /* [CP] Embed Pods Frameworks */,
			);
			buildRules = (
			);
			dependencies = (
			);
			name = Audire;
			packageProductDependencies = (
				97C64B6E28EC8676001F857F /* Apollo */,
				97C64B7028EC8676001F857F /* ApolloCodegenLib */,
			);
			productName = AudireApollo;
			productReference = 970AB74428E9C594002EE407 /* Audire.app */;
			productType = "com.apple.product-type.application";
		};
/* End PBXNativeTarget section */

/* Begin PBXProject section */
		970AB73C28E9C594002EE407 /* Project object */ = {
			isa = PBXProject;
			attributes = {
				BuildIndependentTargetsInParallel = 1;
				LastSwiftUpdateCheck = 1340;
				LastUpgradeCheck = 1340;
				TargetAttributes = {
					970AB74328E9C594002EE407 = {
						CreatedOnToolsVersion = 13.4.1;
					};
				};
			};
			buildConfigurationList = 970AB73F28E9C594002EE407 /* Build configuration list for PBXProject "Audire" */;
			compatibilityVersion = "Xcode 13.0";
			developmentRegion = en;
			hasScannedForEncodings = 0;
			knownRegions = (
				en,
				Base,
			);
			mainGroup = 970AB73B28E9C594002EE407;
			packageReferences = (
				97C64B6D28EC8676001F857F /* XCRemoteSwiftPackageReference "apollo-ios" */,
			);
			productRefGroup = 970AB74528E9C594002EE407 /* Products */;
			projectDirPath = "";
			projectRoot = "";
			targets = (
				970AB74328E9C594002EE407 /* Audire */,
			);
		};
/* End PBXProject section */

/* Begin PBXResourcesBuildPhase section */
		970AB74228E9C594002EE407 /* Resources */ = {
			isa = PBXResourcesBuildPhase;
			buildActionMask = 2147483647;
			files = (
				97711EC828E9C82500FE1462 /* schema.json in Resources */,
				970AB75428E9C596002EE407 /* LaunchScreen.storyboard in Resources */,
				970AB75128E9C596002EE407 /* Assets.xcassets in Resources */,
				97C816DD28EB21230048658F /* data.graphql in Resources */,
			);
			runOnlyForDeploymentPostprocessing = 0;
		};
/* End PBXResourcesBuildPhase section */

/* Begin PBXShellScriptBuildPhase section */
		0460AACFCE75809B74B94709 /* [CP] Embed Pods Frameworks */ = {
			isa = PBXShellScriptBuildPhase;
			buildActionMask = 2147483647;
			files = (
			);
			inputFileListPaths = (
				"${PODS_ROOT}/Target Support Files/Pods-Audire/Pods-Audire-frameworks-${CONFIGURATION}-input-files.xcfilelist",
			);
			name = "[CP] Embed Pods Frameworks";
			outputFileListPaths = (
				"${PODS_ROOT}/Target Support Files/Pods-Audire/Pods-Audire-frameworks-${CONFIGURATION}-output-files.xcfilelist",
			);
			runOnlyForDeploymentPostprocessing = 0;
			shellPath = /bin/sh;
			shellScript = "\"${PODS_ROOT}/Target Support Files/Pods-Audire/Pods-Audire-frameworks.sh\"\n";
			showEnvVarsInLog = 0;
		};
		97C64B7228EC8718001F857F /* GraphQL */ = {
			isa = PBXShellScriptBuildPhase;
			buildActionMask = 2147483647;
			files = (
			);
			inputFileListPaths = (
			);
			inputPaths = (
			);
			name = GraphQL;
			outputFileListPaths = (
			);
			outputPaths = (
			);
			runOnlyForDeploymentPostprocessing = 0;
			shellPath = /bin/sh;
			shellScript = "# Go to the build root and search up the chain to find the \n# Derived Data Path where the source packages are checked out.\nDERIVED_DATA_CANDIDATE=\"${BUILD_ROOT}\"\n\nwhile ! [ -d \"${DERIVED_DATA_CANDIDATE}/SourcePackages\" ]; do\n  if [ \"${DERIVED_DATA_CANDIDATE}\" = / ]; then\n    echo >&2 \"error: Unable to locate SourcePackages directory from BUILD_ROOT: '${BUILD_ROOT}'\"\n    exit 1\n  fi\n\n  DERIVED_DATA_CANDIDATE=\"$(dirname \"${DERIVED_DATA_CANDIDATE}\")\"\ndone\n\n# Grab a reference to the directory where scripts are checked out\nSCRIPT_PATH=\"${DERIVED_DATA_CANDIDATE}/SourcePackages/checkouts/apollo-ios/scripts\"\n\nif [ -z \"${SCRIPT_PATH}\" ]; then\n    echo >&2 \"error: Couldn't find the CLI script in your checked out SPM packages; make sure to add the framework to your project.\"\n    exit 1\nfi\n\ncd \"${SRCROOT}/${TARGET_NAME}\"\n\"${SCRIPT_PATH}\"/run-bundled-codegen.sh codegen:generate --target=swift --includes=./**/*.graphql --localSchemaFile=\"schema.json\" GraphQL/API.swift\n";
		};
		EEA25085B7FB7C2721036F11 /* [CP] Check Pods Manifest.lock */ = {
			isa = PBXShellScriptBuildPhase;
			buildActionMask = 2147483647;
			files = (
			);
			inputFileListPaths = (
			);
			inputPaths = (
				"${PODS_PODFILE_DIR_PATH}/Podfile.lock",
				"${PODS_ROOT}/Manifest.lock",
			);
			name = "[CP] Check Pods Manifest.lock";
			outputFileListPaths = (
			);
			outputPaths = (
				"$(DERIVED_FILE_DIR)/Pods-Audire-checkManifestLockResult.txt",
			);
			runOnlyForDeploymentPostprocessing = 0;
			shellPath = /bin/sh;
			shellScript = "diff \"${PODS_PODFILE_DIR_PATH}/Podfile.lock\" \"${PODS_ROOT}/Manifest.lock\" > /dev/null\nif [ $? != 0 ] ; then\n    # print error to STDERR\n    echo \"error: The sandbox is not in sync with the Podfile.lock. Run 'pod install' or update your CocoaPods installation.\" >&2\n    exit 1\nfi\n# This output is used by Xcode 'outputs' to avoid re-running this script phase.\necho \"SUCCESS\" > \"${SCRIPT_OUTPUT_FILE_0}\"\n";
			showEnvVarsInLog = 0;
		};
/* End PBXShellScriptBuildPhase section */

/* Begin PBXSourcesBuildPhase section */
		970AB74028E9C594002EE407 /* Sources */ = {
			isa = PBXSourcesBuildPhase;
			buildActionMask = 2147483647;
			files = (
				97C816D928EB1C790048658F /* CustomButton.swift in Sources */,
				97C816CB28EB13110048658F /* AppDelegate.swift in Sources */,
				9769C60E28EB04F600037B51 /* MainTabBarViewController.swift in Sources */,
				97C816D228EB1A940048658F /* NavigationBarView.swift in Sources */,
				97C816CE28EB13570048658F /* ShopViewController.swift in Sources */,
				9769C61328EB056500037B51 /* CustomCollectionViewCell.swift in Sources */,
				97C64B7528ED9B93001F857F /* API.swift in Sources */,
				97C816C328EB091F0048658F /* UIColor + ext.swift in Sources */,
				97C816CA28EB13110048658F /* SceneDelegate.swift in Sources */,
				97C816CF28EB13570048658F /* ProfileViewController.swift in Sources */,
				97711ED028E9D09000FE1462 /* Net.swift in Sources */,
				97C816C728EB12700048658F /* Resources.swift in Sources */,
				97C64B6C28EC8476001F857F /* ApolloGen.swift in Sources */,
				9769C61428EB056700037B51 /* AirPodsViewController.swift in Sources */,
			);
			runOnlyForDeploymentPostprocessing = 0;
		};
/* End PBXSourcesBuildPhase section */

/* Begin PBXVariantGroup section */
		970AB75228E9C596002EE407 /* LaunchScreen.storyboard */ = {
			isa = PBXVariantGroup;
			children = (
				970AB75328E9C596002EE407 /* Base */,
			);
			name = LaunchScreen.storyboard;
			sourceTree = "<group>";
		};
/* End PBXVariantGroup section */

/* Begin XCBuildConfiguration section */
		970AB75628E9C596002EE407 /* Debug */ = {
			isa = XCBuildConfiguration;
			buildSettings = {
				ALWAYS_SEARCH_USER_PATHS = NO;
				CLANG_ANALYZER_NONNULL = YES;
				CLANG_ANALYZER_NUMBER_OBJECT_CONVERSION = YES_AGGRESSIVE;
				CLANG_CXX_LANGUAGE_STANDARD = "gnu++17";
				CLANG_ENABLE_MODULES = YES;
				CLANG_ENABLE_OBJC_ARC = YES;
				CLANG_ENABLE_OBJC_WEAK = YES;
				CLANG_WARN_BLOCK_CAPTURE_AUTORELEASING = YES;
				CLANG_WARN_BOOL_CONVERSION = YES;
				CLANG_WARN_COMMA = YES;
				CLANG_WARN_CONSTANT_CONVERSION = YES;
				CLANG_WARN_DEPRECATED_OBJC_IMPLEMENTATIONS = YES;
				CLANG_WARN_DIRECT_OBJC_ISA_USAGE = YES_ERROR;
				CLANG_WARN_DOCUMENTATION_COMMENTS = YES;
				CLANG_WARN_EMPTY_BODY = YES;
				CLANG_WARN_ENUM_CONVERSION = YES;
				CLANG_WARN_INFINITE_RECURSION = YES;
				CLANG_WARN_INT_CONVERSION = YES;
				CLANG_WARN_NON_LITERAL_NULL_CONVERSION = YES;
				CLANG_WARN_OBJC_IMPLICIT_RETAIN_SELF = YES;
				CLANG_WARN_OBJC_LITERAL_CONVERSION = YES;
				CLANG_WARN_OBJC_ROOT_CLASS = YES_ERROR;
				CLANG_WARN_QUOTED_INCLUDE_IN_FRAMEWORK_HEADER = YES;
				CLANG_WARN_RANGE_LOOP_ANALYSIS = YES;
				CLANG_WARN_STRICT_PROTOTYPES = YES;
				CLANG_WARN_SUSPICIOUS_MOVE = YES;
				CLANG_WARN_UNGUARDED_AVAILABILITY = YES_AGGRESSIVE;
				CLANG_WARN_UNREACHABLE_CODE = YES;
				CLANG_WARN__DUPLICATE_METHOD_MATCH = YES;
				COPY_PHASE_STRIP = NO;
				DEBUG_INFORMATION_FORMAT = dwarf;
				ENABLE_STRICT_OBJC_MSGSEND = YES;
				ENABLE_TESTABILITY = YES;
				GCC_C_LANGUAGE_STANDARD = gnu11;
				GCC_DYNAMIC_NO_PIC = NO;
				GCC_NO_COMMON_BLOCKS = YES;
				GCC_OPTIMIZATION_LEVEL = 0;
				GCC_PREPROCESSOR_DEFINITIONS = (
					"DEBUG=1",
					"$(inherited)",
				);
				GCC_WARN_64_TO_32_BIT_CONVERSION = YES;
				GCC_WARN_ABOUT_RETURN_TYPE = YES_ERROR;
				GCC_WARN_UNDECLARED_SELECTOR = YES;
				GCC_WARN_UNINITIALIZED_AUTOS = YES_AGGRESSIVE;
				GCC_WARN_UNUSED_FUNCTION = YES;
				GCC_WARN_UNUSED_VARIABLE = YES;
				IPHONEOS_DEPLOYMENT_TARGET = 15.5;
				MTL_ENABLE_DEBUG_INFO = INCLUDE_SOURCE;
				MTL_FAST_MATH = YES;
				ONLY_ACTIVE_ARCH = YES;
				SDKROOT = iphoneos;
				SWIFT_ACTIVE_COMPILATION_CONDITIONS = DEBUG;
				SWIFT_OPTIMIZATION_LEVEL = "-Onone";
			};
			name = Debug;
		};
		970AB75728E9C596002EE407 /* Release */ = {
			isa = XCBuildConfiguration;
			buildSettings = {
				ALWAYS_SEARCH_USER_PATHS = NO;
				CLANG_ANALYZER_NONNULL = YES;
				CLANG_ANALYZER_NUMBER_OBJECT_CONVERSION = YES_AGGRESSIVE;
				CLANG_CXX_LANGUAGE_STANDARD = "gnu++17";
				CLANG_ENABLE_MODULES = YES;
				CLANG_ENABLE_OBJC_ARC = YES;
				CLANG_ENABLE_OBJC_WEAK = YES;
				CLANG_WARN_BLOCK_CAPTURE_AUTORELEASING = YES;
				CLANG_WARN_BOOL_CONVERSION = YES;
				CLANG_WARN_COMMA = YES;
				CLANG_WARN_CONSTANT_CONVERSION = YES;
				CLANG_WARN_DEPRECATED_OBJC_IMPLEMENTATIONS = YES;
				CLANG_WARN_DIRECT_OBJC_ISA_USAGE = YES_ERROR;
				CLANG_WARN_DOCUMENTATION_COMMENTS = YES;
				CLANG_WARN_EMPTY_BODY = YES;
				CLANG_WARN_ENUM_CONVERSION = YES;
				CLANG_WARN_INFINITE_RECURSION = YES;
				CLANG_WARN_INT_CONVERSION = YES;
				CLANG_WARN_NON_LITERAL_NULL_CONVERSION = YES;
				CLANG_WARN_OBJC_IMPLICIT_RETAIN_SELF = YES;
				CLANG_WARN_OBJC_LITERAL_CONVERSION = YES;
				CLANG_WARN_OBJC_ROOT_CLASS = YES_ERROR;
				CLANG_WARN_QUOTED_INCLUDE_IN_FRAMEWORK_HEADER = YES;
				CLANG_WARN_RANGE_LOOP_ANALYSIS = YES;
				CLANG_WARN_STRICT_PROTOTYPES = YES;
				CLANG_WARN_SUSPICIOUS_MOVE = YES;
				CLANG_WARN_UNGUARDED_AVAILABILITY = YES_AGGRESSIVE;
				CLANG_WARN_UNREACHABLE_CODE = YES;
				CLANG_WARN__DUPLICATE_METHOD_MATCH = YES;
				COPY_PHASE_STRIP = NO;
				DEBUG_INFORMATION_FORMAT = "dwarf-with-dsym";
				ENABLE_NS_ASSERTIONS = NO;
				ENABLE_STRICT_OBJC_MSGSEND = YES;
				GCC_C_LANGUAGE_STANDARD = gnu11;
				GCC_NO_COMMON_BLOCKS = YES;
				GCC_WARN_64_TO_32_BIT_CONVERSION = YES;
				GCC_WARN_ABOUT_RETURN_TYPE = YES_ERROR;
				GCC_WARN_UNDECLARED_SELECTOR = YES;
				GCC_WARN_UNINITIALIZED_AUTOS = YES_AGGRESSIVE;
				GCC_WARN_UNUSED_FUNCTION = YES;
				GCC_WARN_UNUSED_VARIABLE = YES;
				IPHONEOS_DEPLOYMENT_TARGET = 15.5;
				MTL_ENABLE_DEBUG_INFO = NO;
				MTL_FAST_MATH = YES;
				SDKROOT = iphoneos;
				SWIFT_COMPILATION_MODE = wholemodule;
				SWIFT_OPTIMIZATION_LEVEL = "-O";
				VALIDATE_PRODUCT = YES;
			};
			name = Release;
		};
		970AB75928E9C596002EE407 /* Debug */ = {
			isa = XCBuildConfiguration;
			baseConfigurationReference = 11179938EE2FD5F334DDF5AB /* Pods-Audire.debug.xcconfig */;
			buildSettings = {
				ASSETCATALOG_COMPILER_APPICON_NAME = AppIcon;
				ASSETCATALOG_COMPILER_GLOBAL_ACCENT_COLOR_NAME = AccentColor;
				CODE_SIGN_STYLE = Automatic;
				CURRENT_PROJECT_VERSION = 1;
				DEVELOPMENT_TEAM = Z823546B32;
				GENERATE_INFOPLIST_FILE = YES;
				INFOPLIST_FILE = Audire/Info.plist;
				INFOPLIST_KEY_UIApplicationSupportsIndirectInputEvents = YES;
				INFOPLIST_KEY_UILaunchStoryboardName = LaunchScreen;
				INFOPLIST_KEY_UIMainStoryboardFile = Main;
				INFOPLIST_KEY_UISupportedInterfaceOrientations_iPad = "UIInterfaceOrientationPortrait UIInterfaceOrientationPortraitUpsideDown UIInterfaceOrientationLandscapeLeft UIInterfaceOrientationLandscapeRight";
				INFOPLIST_KEY_UISupportedInterfaceOrientations_iPhone = "UIInterfaceOrientationPortrait UIInterfaceOrientationLandscapeLeft UIInterfaceOrientationLandscapeRight";
				IPHONEOS_DEPLOYMENT_TARGET = 15.0;
				LD_RUNPATH_SEARCH_PATHS = (
					"$(inherited)",
					"@executable_path/Frameworks",
				);
				MARKETING_VERSION = 1.0;
				PRODUCT_BUNDLE_IDENTIFIER = masbel.Audire;
				PRODUCT_NAME = "$(TARGET_NAME)";
				SWIFT_EMIT_LOC_STRINGS = YES;
				SWIFT_VERSION = 5.0;
				TARGETED_DEVICE_FAMILY = "1,2";
			};
			name = Debug;
		};
		970AB75A28E9C596002EE407 /* Release */ = {
			isa = XCBuildConfiguration;
			baseConfigurationReference = 2A968D28BA71CEBB2F6C6753 /* Pods-Audire.release.xcconfig */;
			buildSettings = {
				ASSETCATALOG_COMPILER_APPICON_NAME = AppIcon;
				ASSETCATALOG_COMPILER_GLOBAL_ACCENT_COLOR_NAME = AccentColor;
				CODE_SIGN_STYLE = Automatic;
				CURRENT_PROJECT_VERSION = 1;
				DEVELOPMENT_TEAM = Z823546B32;
				GENERATE_INFOPLIST_FILE = YES;
				INFOPLIST_FILE = Audire/Info.plist;
				INFOPLIST_KEY_UIApplicationSupportsIndirectInputEvents = YES;
				INFOPLIST_KEY_UILaunchStoryboardName = LaunchScreen;
				INFOPLIST_KEY_UIMainStoryboardFile = Main;
				INFOPLIST_KEY_UISupportedInterfaceOrientations_iPad = "UIInterfaceOrientationPortrait UIInterfaceOrientationPortraitUpsideDown UIInterfaceOrientationLandscapeLeft UIInterfaceOrientationLandscapeRight";
				INFOPLIST_KEY_UISupportedInterfaceOrientations_iPhone = "UIInterfaceOrientationPortrait UIInterfaceOrientationLandscapeLeft UIInterfaceOrientationLandscapeRight";
				IPHONEOS_DEPLOYMENT_TARGET = 15.0;
				LD_RUNPATH_SEARCH_PATHS = (
					"$(inherited)",
					"@executable_path/Frameworks",
				);
				MARKETING_VERSION = 1.0;
				PRODUCT_BUNDLE_IDENTIFIER = masbel.Audire;
				PRODUCT_NAME = "$(TARGET_NAME)";
				SWIFT_EMIT_LOC_STRINGS = YES;
				SWIFT_VERSION = 5.0;
				TARGETED_DEVICE_FAMILY = "1,2";
			};
			name = Release;
		};
/* End XCBuildConfiguration section */

/* Begin XCConfigurationList section */
		970AB73F28E9C594002EE407 /* Build configuration list for PBXProject "Audire" */ = {
			isa = XCConfigurationList;
			buildConfigurations = (
				970AB75628E9C596002EE407 /* Debug */,
				970AB75728E9C596002EE407 /* Release */,
			);
			defaultConfigurationIsVisible = 0;
			defaultConfigurationName = Release;
		};
		970AB75828E9C596002EE407 /* Build configuration list for PBXNativeTarget "Audire" */ = {
			isa = XCConfigurationList;
			buildConfigurations = (
				970AB75928E9C596002EE407 /* Debug */,
				970AB75A28E9C596002EE407 /* Release */,
			);
			defaultConfigurationIsVisible = 0;
			defaultConfigurationName = Release;
		};
/* End XCConfigurationList section */

/* Begin XCRemoteSwiftPackageReference section */
		97C64B6D28EC8676001F857F /* XCRemoteSwiftPackageReference "apollo-ios" */ = {
			isa = XCRemoteSwiftPackageReference;
			repositoryURL = "https://github.com/apollographql/apollo-ios";
			requirement = {
				kind = exactVersion;
				version = 0.28.0;
			};
		};
/* End XCRemoteSwiftPackageReference section */

/* Begin XCSwiftPackageProductDependency section */
		97C64B6E28EC8676001F857F /* Apollo */ = {
			isa = XCSwiftPackageProductDependency;
			package = 97C64B6D28EC8676001F857F /* XCRemoteSwiftPackageReference "apollo-ios" */;
			productName = Apollo;
		};
		97C64B7028EC8676001F857F /* ApolloCodegenLib */ = {
			isa = XCSwiftPackageProductDependency;
			package = 97C64B6D28EC8676001F857F /* XCRemoteSwiftPackageReference "apollo-ios" */;
			productName = ApolloCodegenLib;
		};
/* End XCSwiftPackageProductDependency section */
	};
	rootObject = 970AB73C28E9C594002EE407 /* Project object */;
}
